
Microsoft Visual Studio Solution File, Format Version 12.00
# Visual Studio Version 17
VisualStudioVersion = 17.4.33213.308
MinimumVisualStudioVersion = 10.0.40219.1
Project("{9A19103F-16F7-4668-BE54-9A1E7A4F7556}") = "WinFormsApp5", "WinFormsApp5\WinFormsApp5.csproj", "{E25758B6-D52D-4D5E-A08D-22DDEE7E3790}"
EndProject
Project("{FAE04EC0-301F-11D3-BF4B-00C04F79EFBC}") = "WinFormsApp354672342345", "WinFormsApp354672342345\WinFormsApp354672342345.csproj", "{94F5B58B-129D-4209-87FC-A055179EE5BA}"
EndProject
Global
	GlobalSection(SolutionConfigurationPlatforms) = preSolution
		Debug|Any CPU = Debug|Any CPU
		Release|Any CPU = Release|Any CPU
	EndGlobalSection
	GlobalSection(ProjectConfigurationPlatforms) = postSolution
		{E25758B6-D52D-4D5E-A08D-22DDEE7E3790}.Debug|Any CPU.ActiveCfg = Debug|Any CPU
		{E25758B6-D52D-4D5E-A08D-22DDEE7E3790}.Debug|Any CPU.Build.0 = Debug|Any CPU
		{E25758B6-D52D-4D5E-A08D-22DDEE7E3790}.Release|Any CPU.ActiveCfg = Release|Any CPU
		{E25758B6-D52D-4D5E-A08D-22DDEE7E3790}.Release|Any CPU.Build.0 = Release|Any CPU
		{94F5B58B-129D-4209-87FC-A055179EE5BA}.Debug|Any CPU.ActiveCfg = Debug|Any CPU
		{94F5B58B-129D-4209-87FC-A055179EE5BA}.Debug|Any CPU.Build.0 = Debug|Any CPU
		{94F5B58B-129D-4209-87FC-A055179EE5BA}.Release|Any CPU.ActiveCfg = Release|Any CPU
		{94F5B58B-129D-4209-87FC-A055179EE5BA}.Release|Any CPU.Build.0 = Release|Any CPU
	EndGlobalSection
	GlobalSection(SolutionProperties) = preSolution
		HideSolutionNode = FALSE
	EndGlobalSection
	GlobalSection(ExtensibilityGlobals) = postSolution
		SolutionGuid = {29734413-A35D-4FA1-AD67-D94FE784A674}
	EndGlobalSection
EndGlobal
